
Microsoft Visual Studio Solution File, Format Version 12.00
# Visual Studio 15
VisualStudioVersion = 15.0.28307.757
MinimumVisualStudioVersion = 10.0.40219.1
Project("{FAE04EC0-301F-11D3-BF4B-00C04F79EFBC}") = "ProjectUniversity.Service", "ProjectUniversity.Service\ProjectUniversity.Service.csproj", "{F05F7161-EFDA-46EB-9448-4AA41A692313}"
EndProject
Project("{FAE04EC0-301F-11D3-BF4B-00C04F79EFBC}") = "ProjectUniversity.Web", "ProjectUniversity.Web\ProjectUniversity.Web.csproj", "{2670E288-2B33-4764-ABBE-A3060EB82448}"
EndProject
Global
	GlobalSection(SolutionConfigurationPlatforms) = preSolution
		Debug|Any CPU = Debug|Any CPU
		Release|Any CPU = Release|Any CPU
	EndGlobalSection
	GlobalSection(ProjectConfigurationPlatforms) = postSolution
		{F05F7161-EFDA-46EB-9448-4AA41A692313}.Debug|Any CPU.ActiveCfg = Debug|Any CPU
		{F05F7161-EFDA-46EB-9448-4AA41A692313}.Debug|Any CPU.Build.0 = Debug|Any CPU
		{F05F7161-EFDA-46EB-9448-4AA41A692313}.Release|Any CPU.ActiveCfg = Release|Any CPU
		{F05F7161-EFDA-46EB-9448-4AA41A692313}.Release|Any CPU.Build.0 = Release|Any CPU
		{2670E288-2B33-4764-ABBE-A3060EB82448}.Debug|Any CPU.ActiveCfg = Debug|Any CPU
		{2670E288-2B33-4764-ABBE-A3060EB82448}.Debug|Any CPU.Build.0 = Debug|Any CPU
		{2670E288-2B33-4764-ABBE-A3060EB82448}.Release|Any CPU.ActiveCfg = Release|Any CPU
		{2670E288-2B33-4764-ABBE-A3060EB82448}.Release|Any CPU.Build.0 = Release|Any CPU
	EndGlobalSection
	GlobalSection(SolutionProperties) = preSolution
		HideSolutionNode = FALSE
	EndGlobalSection
	GlobalSection(ExtensibilityGlobals) = postSolution
		SolutionGuid = {A511E5D8-065B-4101-AA26-038D9300D6EF}
	EndGlobalSection
EndGlobal
